// !$*UTF8*$!
{
	archiveVersion = 1;
	classes = {
	};
	objectVersion = 77;
	objects = {

/* Begin PBXContainerItemProxy section */
		F31B6E592D94426A008E8CCA /* PBXContainerItemProxy */ = {
			isa = PBXContainerItemProxy;
			containerPortal = F31B6E402D944269008E8CCA /* Project object */;
			proxyType = 1;
			remoteGlobalIDString = F31B6E472D944269008E8CCA;
			remoteInfo = SwiftUIThinkingBootcamp;
		};
		F31B6E632D94426A008E8CCA /* PBXContainerItemProxy */ = {
			isa = PBXContainerItemProxy;
			containerPortal = F31B6E402D944269008E8CCA /* Project object */;
			proxyType = 1;
			remoteGlobalIDString = F31B6E472D944269008E8CCA;
			remoteInfo = SwiftUIThinkingBootcamp;
		};
/* End PBXContainerItemProxy section */

/* Begin PBXFileReference section */
		F31B6E482D944269008E8CCA /* SwiftUIThinkingBootcamp.app */ = {isa = PBXFileReference; explicitFileType = wrapper.application; includeInIndex = 0; path = SwiftUIThinkingBootcamp.app; sourceTree = BUILT_PRODUCTS_DIR; };
		F31B6E582D94426A008E8CCA /* SwiftUIThinkingBootcampTests.xctest */ = {isa = PBXFileReference; explicitFileType = wrapper.cfbundle; includeInIndex = 0; path = SwiftUIThinkingBootcampTests.xctest; sourceTree = BUILT_PRODUCTS_DIR; };
		F31B6E622D94426A008E8CCA /* SwiftUIThinkingBootcampUITests.xctest */ = {isa = PBXFileReference; explicitFileType = wrapper.cfbundle; includeInIndex = 0; path = SwiftUIThinkingBootcampUITests.xctest; sourceTree = BUILT_PRODUCTS_DIR; };
/* End PBXFileReference section */

/* Begin PBXFileSystemSynchronizedRootGroup section */
		F31B6E4A2D944269008E8CCA /* SwiftUIThinkingBootcamp */ = {
			isa = PBXFileSystemSynchronizedRootGroup;
			path = SwiftUIThinkingBootcamp;
			sourceTree = "<group>";
		};
		F31B6E5B2D94426A008E8CCA /* SwiftUIThinkingBootcampTests */ = {
			isa = PBXFileSystemSynchronizedRootGroup;
			path = SwiftUIThinkingBootcampTests;
			sourceTree = "<group>";
		};
		F31B6E652D94426A008E8CCA /* SwiftUIThinkingBootcampUITests */ = {
			isa = PBXFileSystemSynchronizedRootGroup;
			path = SwiftUIThinkingBootcampUITests;
			sourceTree = "<group>";
		};
/* End PBXFileSystemSynchronizedRootGroup section */

/* Begin PBXFrameworksBuildPhase section */
		F31B6E452D944269008E8CCA /* Frameworks */ = {
			isa = PBXFrameworksBuildPhase;
			buildActionMask = 2147483647;
			files = (
			);
			runOnlyForDeploymentPostprocessing = 0;
		};
		F31B6E552D94426A008E8CCA /* Frameworks */ = {
			isa = PBXFrameworksBuildPhase;
			buildActionMask = 2147483647;
			files = (
			);
			runOnlyForDeploymentPostprocessing = 0;
		};
		F31B6E5F2D94426A008E8CCA /* Frameworks */ = {
			isa = PBXFrameworksBuildPhase;
			buildActionMask = 2147483647;
			files = (
			);
			runOnlyForDeploymentPostprocessing = 0;
		};
/* End PBXFrameworksBuildPhase section */

/* Begin PBXGroup section */
		F31B6E3F2D944269008E8CCA = {
			isa = PBXGroup;
			children = (
				F31B6E4A2D944269008E8CCA /* SwiftUIThinkingBootcamp */,
				F31B6E5B2D94426A008E8CCA /* SwiftUIThinkingBootcampTests */,
				F31B6E652D94426A008E8CCA /* SwiftUIThinkingBootcampUITests */,
				F31B6E492D944269008E8CCA /* Products */,
			);
			sourceTree = "<group>";
		};
		F31B6E492D944269008E8CCA /* Products */ = {
			isa = PBXGroup;
			children = (
				F31B6E482D944269008E8CCA /* SwiftUIThinkingBootcamp.app */,
				F31B6E582D94426A008E8CCA /* SwiftUIThinkingBootcampTests.xctest */,
				F31B6E622D94426A008E8CCA /* SwiftUIThinkingBootcampUITests.xctest */,
			);
			name = Products;
			sourceTree = "<group>";
		};
/* End PBXGroup section */

/* Begin PBXNativeTarget section */
		F31B6E472D944269008E8CCA /* SwiftUIThinkingBootcamp */ = {
			isa = PBXNativeTarget;
			buildConfigurationList = F31B6E6C2D94426A008E8CCA /* Build configuration list for PBXNativeTarget "SwiftUIThinkingBootcamp" */;
			buildPhases = (
				F31B6E442D944269008E8CCA /* Sources */,
				F31B6E452D944269008E8CCA /* Frameworks */,
				F31B6E462D944269008E8CCA /* Resources */,
			);
			buildRules = (
			);
			dependencies = (
			);
			fileSystemSynchronizedGroups = (
				F31B6E4A2D944269008E8CCA /* SwiftUIThinkingBootcamp */,
			);
			name = SwiftUIThinkingBootcamp;
			packageProductDependencies = (
			);
			productName = SwiftUIThinkingBootcamp;
			productReference = F31B6E482D944269008E8CCA /* SwiftUIThinkingBootcamp.app */;
			productType = "com.apple.product-type.application";
		};
		F31B6E572D94426A008E8CCA /* SwiftUIThinkingBootcampTests */ = {
			isa = PBXNativeTarget;
			buildConfigurationList = F31B6E6F2D94426A008E8CCA /* Build configuration list for PBXNativeTarget "SwiftUIThinkingBootcampTests" */;
			buildPhases = (
				F31B6E542D94426A008E8CCA /* Sources */,
				F31B6E552D94426A008E8CCA /* Frameworks */,
				F31B6E562D94426A008E8CCA /* Resources */,
			);
			buildRules = (
			);
			dependencies = (
				F31B6E5A2D94426A008E8CCA /* PBXTargetDependency */,
			);
			fileSystemSynchronizedGroups = (
				F31B6E5B2D94426A008E8CCA /* SwiftUIThinkingBootcampTests */,
			);
			name = SwiftUIThinkingBootcampTests;
			packageProductDependencies = (
			);
			productName = SwiftUIThinkingBootcampTests;
			productReference = F31B6E582D94426A008E8CCA /* SwiftUIThinkingBootcampTests.xctest */;
			productType = "com.apple.product-type.bundle.unit-test";
		};
		F31B6E612D94426A008E8CCA /* SwiftUIThinkingBootcampUITests */ = {
			isa = PBXNativeTarget;
			buildConfigurationList = F31B6E722D94426A008E8CCA /* Build configuration list for PBXNativeTarget "SwiftUIThinkingBootcampUITests" */;
			buildPhases = (
				F31B6E5E2D94426A008E8CCA /* Sources */,
				F31B6E5F2D94426A008E8CCA /* Frameworks */,
				F31B6E602D94426A008E8CCA /* Resources */,
			);
			buildRules = (
			);
			dependencies = (
				F31B6E642D94426A008E8CCA /* PBXTargetDependency */,
			);
			fileSystemSynchronizedGroups = (
				F31B6E652D94426A008E8CCA /* SwiftUIThinkingBootcampUITests */,
			);
			name = SwiftUIThinkingBootcampUITests;
			packageProductDependencies = (
			);
			productName = SwiftUIThinkingBootcampUITests;
			productReference = F31B6E622D94426A008E8CCA /* SwiftUIThinkingBootcampUITests.xctest */;
			productType = "com.apple.product-type.bundle.ui-testing";
		};
/* End PBXNativeTarget section */

/* Begin PBXProject section */
		F31B6E402D944269008E8CCA /* Project object */ = {
			isa = PBXProject;
			attributes = {
				BuildIndependentTargetsInParallel = 1;
				LastSwiftUpdateCheck = 1620;
				LastUpgradeCheck = 1620;
				TargetAttributes = {
					F31B6E472D944269008E8CCA = {
						CreatedOnToolsVersion = 16.2;
					};
					F31B6E572D94426A008E8CCA = {
						CreatedOnToolsVersion = 16.2;
						TestTargetID = F31B6E472D944269008E8CCA;
					};
					F31B6E612D94426A008E8CCA = {
						CreatedOnToolsVersion = 16.2;
						TestTargetID = F31B6E472D944269008E8CCA;
					};
				};
			};
			buildConfigurationList = F31B6E432D944269008E8CCA /* Build configuration list for PBXProject "SwiftUIThinkingBootcamp" */;
			developmentRegion = en;
			hasScannedForEncodings = 0;
			knownRegions = (
				en,
				Base,
			);
			mainGroup = F31B6E3F2D944269008E8CCA;
			minimizedProjectReferenceProxies = 1;
			preferredProjectObjectVersion = 77;
			productRefGroup = F31B6E492D944269008E8CCA /* Products */;
			projectDirPath = "";
			projectRoot = "";
			targets = (
				F31B6E472D944269008E8CCA /* SwiftUIThinkingBootcamp */,
				F31B6E572D94426A008E8CCA /* SwiftUIThinkingBootcampTests */,
				F31B6E612D94426A008E8CCA /* SwiftUIThinkingBootcampUITests */,
			);
		};
/* End PBXProject section */

/* Begin PBXResourcesBuildPhase section */
		F31B6E462D944269008E8CCA /* Resources */ = {
			isa = PBXResourcesBuildPhase;
			buildActionMask = 2147483647;
			files = (
			);
			runOnlyForDeploymentPostprocessing = 0;
		};
		F31B6E562D94426A008E8CCA /* Resources */ = {
			isa = PBXResourcesBuildPhase;
			buildActionMask = 2147483647;
			files = (
			);
			runOnlyForDeploymentPostprocessing = 0;
		};
		F31B6E602D94426A008E8CCA /* Resources */ = {
			isa = PBXResourcesBuildPhase;
			buildActionMask = 2147483647;
			files = (
			);
			runOnlyForDeploymentPostprocessing = 0;
		};
/* End PBXResourcesBuildPhase section */

/* Begin PBXSourcesBuildPhase section */
		F31B6E442D944269008E8CCA /* Sources */ = {
			isa = PBXSourcesBuildPhase;
			buildActionMask = 2147483647;
			files = (
			);
			runOnlyForDeploymentPostprocessing = 0;
		};
		F31B6E542D94426A008E8CCA /* Sources */ = {
			isa = PBXSourcesBuildPhase;
			buildActionMask = 2147483647;
			files = (
			);
			runOnlyForDeploymentPostprocessing = 0;
		};
		F31B6E5E2D94426A008E8CCA /* Sources */ = {
			isa = PBXSourcesBuildPhase;
			buildActionMask = 2147483647;
			files = (
			);
			runOnlyForDeploymentPostprocessing = 0;
		};
/* End PBXSourcesBuildPhase section */

/* Begin PBXTargetDependency section */
		F31B6E5A2D94426A008E8CCA /* PBXTargetDependency */ = {
			isa = PBXTargetDependency;
			target = F31B6E472D944269008E8CCA /* SwiftUIThinkingBootcamp */;
			targetProxy = F31B6E592D94426A008E8CCA /* PBXContainerItemProxy */;
		};
		F31B6E642D94426A008E8CCA /* PBXTargetDependency */ = {
			isa = PBXTargetDependency;
			target = F31B6E472D944269008E8CCA /* SwiftUIThinkingBootcamp */;
			targetProxy = F31B6E632D94426A008E8CCA /* PBXContainerItemProxy */;
		};
/* End PBXTargetDependency section */

/* Begin XCBuildConfiguration section */
		F31B6E6A2D94426A008E8CCA /* Debug */ = {
			isa = XCBuildConfiguration;
			buildSettings = {
				ALWAYS_SEARCH_USER_PATHS = NO;
				ASSETCATALOG_COMPILER_GENERATE_SWIFT_ASSET_SYMBOL_EXTENSIONS = YES;
				CLANG_ANALYZER_NONNULL = YES;
				CLANG_ANALYZER_NUMBER_OBJECT_CONVERSION = YES_AGGRESSIVE;
				CLANG_CXX_LANGUAGE_STANDARD = "gnu++20";
				CLANG_ENABLE_MODULES = YES;
				CLANG_ENABLE_OBJC_ARC = YES;
				CLANG_ENABLE_OBJC_WEAK = YES;
				CLANG_WARN_BLOCK_CAPTURE_AUTORELEASING = YES;
				CLANG_WARN_BOOL_CONVERSION = YES;
				CLANG_WARN_COMMA = YES;
				CLANG_WARN_CONSTANT_CONVERSION = YES;
				CLANG_WARN_DEPRECATED_OBJC_IMPLEMENTATIONS = YES;
				CLANG_WARN_DIRECT_OBJC_ISA_USAGE = YES_ERROR;
				CLANG_WARN_DOCUMENTATION_COMMENTS = YES;
				CLANG_WARN_EMPTY_BODY = YES;
				CLANG_WARN_ENUM_CONVERSION = YES;
				CLANG_WARN_INFINITE_RECURSION = YES;
				CLANG_WARN_INT_CONVERSION = YES;
				CLANG_WARN_NON_LITERAL_NULL_CONVERSION = YES;
				CLANG_WARN_OBJC_IMPLICIT_RETAIN_SELF = YES;
				CLANG_WARN_OBJC_LITERAL_CONVERSION = YES;
				CLANG_WARN_OBJC_ROOT_CLASS = YES_ERROR;
				CLANG_WARN_QUOTED_INCLUDE_IN_FRAMEWORK_HEADER = YES;
				CLANG_WARN_RANGE_LOOP_ANALYSIS = YES;
				CLANG_WARN_STRICT_PROTOTYPES = YES;
				CLANG_WARN_SUSPICIOUS_MOVE = YES;
				CLANG_WARN_UNGUARDED_AVAILABILITY = YES_AGGRESSIVE;
				CLANG_WARN_UNREACHABLE_CODE = YES;
				CLANG_WARN__DUPLICATE_METHOD_MATCH = YES;
				COPY_PHASE_STRIP = NO;
				DEBUG_INFORMATION_FORMAT = dwarf;
				ENABLE_STRICT_OBJC_MSGSEND = YES;
				ENABLE_TESTABILITY = YES;
				ENABLE_USER_SCRIPT_SANDBOXING = YES;
				GCC_C_LANGUAGE_STANDARD = gnu17;
				GCC_DYNAMIC_NO_PIC = NO;
				GCC_NO_COMMON_BLOCKS = YES;
				GCC_OPTIMIZATION_LEVEL = 0;
				GCC_PREPROCESSOR_DEFINITIONS = (
					"DEBUG=1",
					"$(inherited)",
				);
				GCC_WARN_64_TO_32_BIT_CONVERSION = YES;
				GCC_WARN_ABOUT_RETURN_TYPE = YES_ERROR;
				GCC_WARN_UNDECLARED_SELECTOR = YES;
				GCC_WARN_UNINITIALIZED_AUTOS = YES_AGGRESSIVE;
				GCC_WARN_UNUSED_FUNCTION = YES;
				GCC_WARN_UNUSED_VARIABLE = YES;
				IPHONEOS_DEPLOYMENT_TARGET = 18.2;
				LOCALIZATION_PREFERS_STRING_CATALOGS = YES;
				MTL_ENABLE_DEBUG_INFO = INCLUDE_SOURCE;
				MTL_FAST_MATH = YES;
				ONLY_ACTIVE_ARCH = YES;
				SDKROOT = iphoneos;
				SWIFT_ACTIVE_COMPILATION_CONDITIONS = "DEBUG $(inherited)";
				SWIFT_OPTIMIZATION_LEVEL = "-Onone";
			};
			name = Debug;
		};
		F31B6E6B2D94426A008E8CCA /* Release */ = {
			isa = XCBuildConfiguration;
			buildSettings = {
				ALWAYS_SEARCH_USER_PATHS = NO;
				ASSETCATALOG_COMPILER_GENERATE_SWIFT_ASSET_SYMBOL_EXTENSIONS = YES;
				CLANG_ANALYZER_NONNULL = YES;
				CLANG_ANALYZER_NUMBER_OBJECT_CONVERSION = YES_AGGRESSIVE;
				CLANG_CXX_LANGUAGE_STANDARD = "gnu++20";
				CLANG_ENABLE_MODULES = YES;
				CLANG_ENABLE_OBJC_ARC = YES;
				CLANG_ENABLE_OBJC_WEAK = YES;
				CLANG_WARN_BLOCK_CAPTURE_AUTORELEASING = YES;
				CLANG_WARN_BOOL_CONVERSION = YES;
				CLANG_WARN_COMMA = YES;
				CLANG_WARN_CONSTANT_CONVERSION = YES;
				CLANG_WARN_DEPRECATED_OBJC_IMPLEMENTATIONS = YES;
				CLANG_WARN_DIRECT_OBJC_ISA_USAGE = YES_ERROR;
				CLANG_WARN_DOCUMENTATION_COMMENTS = YES;
				CLANG_WARN_EMPTY_BODY = YES;
				CLANG_WARN_ENUM_CONVERSION = YES;
				CLANG_WARN_INFINITE_RECURSION = YES;
				CLANG_WARN_INT_CONVERSION = YES;
				CLANG_WARN_NON_LITERAL_NULL_CONVERSION = YES;
				CLANG_WARN_OBJC_IMPLICIT_RETAIN_SELF = YES;
				CLANG_WARN_OBJC_LITERAL_CONVERSION = YES;
				CLANG_WARN_OBJC_ROOT_CLASS = YES_ERROR;
				CLANG_WARN_QUOTED_INCLUDE_IN_FRAMEWORK_HEADER = YES;
				CLANG_WARN_RANGE_LOOP_ANALYSIS = YES;
				CLANG_WARN_STRICT_PROTOTYPES = YES;
				CLANG_WARN_SUSPICIOUS_MOVE = YES;
				CLANG_WARN_UNGUARDED_AVAILABILITY = YES_AGGRESSIVE;
				CLANG_WARN_UNREACHABLE_CODE = YES;
				CLANG_WARN__DUPLICATE_METHOD_MATCH = YES;
				COPY_PHASE_STRIP = NO;
				DEBUG_INFORMATION_FORMAT = "dwarf-with-dsym";
				ENABLE_NS_ASSERTIONS = NO;
				ENABLE_STRICT_OBJC_MSGSEND = YES;
				ENABLE_USER_SCRIPT_SANDBOXING = YES;
				GCC_C_LANGUAGE_STANDARD = gnu17;
				GCC_NO_COMMON_BLOCKS = YES;
				GCC_WARN_64_TO_32_BIT_CONVERSION = YES;
				GCC_WARN_ABOUT_RETURN_TYPE = YES_ERROR;
				GCC_WARN_UNDECLARED_SELECTOR = YES;
				GCC_WARN_UNINITIALIZED_AUTOS = YES_AGGRESSIVE;
				GCC_WARN_UNUSED_FUNCTION = YES;
				GCC_WARN_UNUSED_VARIABLE = YES;
				IPHONEOS_DEPLOYMENT_TARGET = 18.2;
				LOCALIZATION_PREFERS_STRING_CATALOGS = YES;
				MTL_ENABLE_DEBUG_INFO = NO;
				MTL_FAST_MATH = YES;
				SDKROOT = iphoneos;
				SWIFT_COMPILATION_MODE = wholemodule;
				VALIDATE_PRODUCT = YES;
			};
			name = Release;
		};
		F31B6E6D2D94426A008E8CCA /* Debug */ = {
			isa = XCBuildConfiguration;
			buildSettings = {
				ASSETCATALOG_COMPILER_APPICON_NAME = AppIcon;
				ASSETCATALOG_COMPILER_GLOBAL_ACCENT_COLOR_NAME = AccentColor;
				CODE_SIGN_STYLE = Automatic;
				CURRENT_PROJECT_VERSION = 1;
				DEVELOPMENT_ASSET_PATHS = "\"SwiftUIThinkingBootcamp/Preview Content\"";
				ENABLE_PREVIEWS = YES;
				GENERATE_INFOPLIST_FILE = YES;
				INFOPLIST_KEY_CFBundleDisplayName = Bootcamp;
				INFOPLIST_KEY_UIApplicationSceneManifest_Generation = YES;
				INFOPLIST_KEY_UIApplicationSupportsIndirectInputEvents = YES;
				INFOPLIST_KEY_UILaunchScreen_Generation = YES;
				INFOPLIST_KEY_UISupportedInterfaceOrientations_iPad = "UIInterfaceOrientationPortrait UIInterfaceOrientationPortraitUpsideDown UIInterfaceOrientationLandscapeLeft UIInterfaceOrientationLandscapeRight";
				INFOPLIST_KEY_UISupportedInterfaceOrientations_iPhone = "UIInterfaceOrientationPortrait UIInterfaceOrientationLandscapeLeft UIInterfaceOrientationLandscapeRight";
				IPHONEOS_DEPLOYMENT_TARGET = 18.2;
				LD_RUNPATH_SEARCH_PATHS = (
					"$(inherited)",
					"@executable_path/Frameworks",
				);
				MARKETING_VERSION = 1.0;
				PRODUCT_BUNDLE_IDENTIFIER = com.onlystudying.SwiftUIThinkingBootcamp;
				PRODUCT_NAME = "$(TARGET_NAME)";
				SWIFT_EMIT_LOC_STRINGS = YES;
				SWIFT_VERSION = 5.0;
				TARGETED_DEVICE_FAMILY = "1,2";
			};
			name = Debug;
		};
		F31B6E6E2D94426A008E8CCA /* Release */ = {
			isa = XCBuildConfiguration;
			buildSettings = {
				ASSETCATALOG_COMPILER_APPICON_NAME = AppIcon;
				ASSETCATALOG_COMPILER_GLOBAL_ACCENT_COLOR_NAME = AccentColor;
				CODE_SIGN_STYLE = Automatic;
				CURRENT_PROJECT_VERSION = 1;
				DEVELOPMENT_ASSET_PATHS = "\"SwiftUIThinkingBootcamp/Preview Content\"";
				ENABLE_PREVIEWS = YES;
				GENERATE_INFOPLIST_FILE = YES;
				INFOPLIST_KEY_CFBundleDisplayName = Bootcamp;
				INFOPLIST_KEY_UIApplicationSceneManifest_Generation = YES;
				INFOPLIST_KEY_UIApplicationSupportsIndirectInputEvents = YES;
				INFOPLIST_KEY_UILaunchScreen_Generation = YES;
				INFOPLIST_KEY_UISupportedInterfaceOrientations_iPad = "UIInterfaceOrientationPortrait UIInterfaceOrientationPortraitUpsideDown UIInterfaceOrientationLandscapeLeft UIInterfaceOrientationLandscapeRight";
				INFOPLIST_KEY_UISupportedInterfaceOrientations_iPhone = "UIInterfaceOrientationPortrait UIInterfaceOrientationLandscapeLeft UIInterfaceOrientationLandscapeRight";
				IPHONEOS_DEPLOYMENT_TARGET = 18.2;
				LD_RUNPATH_SEARCH_PATHS = (
					"$(inherited)",
					"@executable_path/Frameworks",
				);
				MARKETING_VERSION = 1.0;
				PRODUCT_BUNDLE_IDENTIFIER = com.onlystudying.SwiftUIThinkingBootcamp;
				PRODUCT_NAME = "$(TARGET_NAME)";
				SWIFT_EMIT_LOC_STRINGS = YES;
				SWIFT_VERSION = 5.0;
				TARGETED_DEVICE_FAMILY = "1,2";
			};
			name = Release;
		};
		F31B6E702D94426A008E8CCA /* Debug */ = {
			isa = XCBuildConfiguration;
			buildSettings = {
				BUNDLE_LOADER = "$(TEST_HOST)";
				CODE_SIGN_STYLE = Automatic;
				CURRENT_PROJECT_VERSION = 1;
				GENERATE_INFOPLIST_FILE = YES;
				IPHONEOS_DEPLOYMENT_TARGET = 18.2;
				MARKETING_VERSION = 1.0;
				PRODUCT_BUNDLE_IDENTIFIER = com.onlystudying.SwiftUIThinkingBootcampTests;
				PRODUCT_NAME = "$(TARGET_NAME)";
				SWIFT_EMIT_LOC_STRINGS = NO;
				SWIFT_VERSION = 5.0;
				TARGETED_DEVICE_FAMILY = "1,2";
				TEST_HOST = "$(BUILT_PRODUCTS_DIR)/SwiftUIThinkingBootcamp.app/$(BUNDLE_EXECUTABLE_FOLDER_PATH)/SwiftUIThinkingBootcamp";
			};
			name = Debug;
		};
		F31B6E712D94426A008E8CCA /* Release */ = {
			isa = XCBuildConfiguration;
			buildSettings = {
				BUNDLE_LOADER = "$(TEST_HOST)";
				CODE_SIGN_STYLE = Automatic;
				CURRENT_PROJECT_VERSION = 1;
				GENERATE_INFOPLIST_FILE = YES;
				IPHONEOS_DEPLOYMENT_TARGET = 18.2;
				MARKETING_VERSION = 1.0;
				PRODUCT_BUNDLE_IDENTIFIER = com.onlystudying.SwiftUIThinkingBootcampTests;
				PRODUCT_NAME = "$(TARGET_NAME)";
				SWIFT_EMIT_LOC_STRINGS = NO;
				SWIFT_VERSION = 5.0;
				TARGETED_DEVICE_FAMILY = "1,2";
				TEST_HOST = "$(BUILT_PRODUCTS_DIR)/SwiftUIThinkingBootcamp.app/$(BUNDLE_EXECUTABLE_FOLDER_PATH)/SwiftUIThinkingBootcamp";
			};
			name = Release;
		};
		F31B6E732D94426A008E8CCA /* Debug */ = {
			isa = XCBuildConfiguration;
			buildSettings = {
				CODE_SIGN_STYLE = Automatic;
				CURRENT_PROJECT_VERSION = 1;
				GENERATE_INFOPLIST_FILE = YES;
				MARKETING_VERSION = 1.0;
				PRODUCT_BUNDLE_IDENTIFIER = com.onlystudying.SwiftUIThinkingBootcampUITests;
				PRODUCT_NAME = "$(TARGET_NAME)";
				SWIFT_EMIT_LOC_STRINGS = NO;
				SWIFT_VERSION = 5.0;
				TARGETED_DEVICE_FAMILY = "1,2";
				TEST_TARGET_NAME = SwiftUIThinkingBootcamp;
			};
			name = Debug;
		};
		F31B6E742D94426A008E8CCA /* Release */ = {
			isa = XCBuildConfiguration;
			buildSettings = {
				CODE_SIGN_STYLE = Automatic;
				CURRENT_PROJECT_VERSION = 1;
				GENERATE_INFOPLIST_FILE = YES;
				MARKETING_VERSION = 1.0;
				PRODUCT_BUNDLE_IDENTIFIER = com.onlystudying.SwiftUIThinkingBootcampUITests;
				PRODUCT_NAME = "$(TARGET_NAME)";
				SWIFT_EMIT_LOC_STRINGS = NO;
				SWIFT_VERSION = 5.0;
				TARGETED_DEVICE_FAMILY = "1,2";
				TEST_TARGET_NAME = SwiftUIThinkingBootcamp;
			};
			name = Release;
		};
/* End XCBuildConfiguration section */

/* Begin XCConfigurationList section */
		F31B6E432D944269008E8CCA /* Build configuration list for PBXProject "SwiftUIThinkingBootcamp" */ = {
			isa = XCConfigurationList;
			buildConfigurations = (
				F31B6E6A2D94426A008E8CCA /* Debug */,
				F31B6E6B2D94426A008E8CCA /* Release */,
			);
			defaultConfigurationIsVisible = 0;
			defaultConfigurationName = Release;
		};
		F31B6E6C2D94426A008E8CCA /* Build configuration list for PBXNativeTarget "SwiftUIThinkingBootcamp" */ = {
			isa = XCConfigurationList;
			buildConfigurations = (
				F31B6E6D2D94426A008E8CCA /* Debug */,
				F31B6E6E2D94426A008E8CCA /* Release */,
			);
			defaultConfigurationIsVisible = 0;
			defaultConfigurationName = Release;
		};
		F31B6E6F2D94426A008E8CCA /* Build configuration list for PBXNativeTarget "SwiftUIThinkingBootcampTests" */ = {
			isa = XCConfigurationList;
			buildConfigurations = (
				F31B6E702D94426A008E8CCA /* Debug */,
				F31B6E712D94426A008E8CCA /* Release */,
			);
			defaultConfigurationIsVisible = 0;
			defaultConfigurationName = Release;
		};
		F31B6E722D94426A008E8CCA /* Build configuration list for PBXNativeTarget "SwiftUIThinkingBootcampUITests" */ = {
			isa = XCConfigurationList;
			buildConfigurations = (
				F31B6E732D94426A008E8CCA /* Debug */,
				F31B6E742D94426A008E8CCA /* Release */,
			);
			defaultConfigurationIsVisible = 0;
			defaultConfigurationName = Release;
		};
/* End XCConfigurationList section */
	};
	rootObject = F31B6E402D944269008E8CCA /* Project object */;
}
